// !$*UTF8*$!
{
	archiveVersion = 1;
	classes = {
	};
	objectVersion = 56;
	objects = {

/* Begin PBXBuildFile section */
		B270FF852B553472003297AB /* BestWatherApp.swift in Sources */ = {isa = PBXBuildFile; fileRef = B270FF842B553472003297AB /* BestWatherApp.swift */; };
		B270FF872B553472003297AB /* MainView.swift in Sources */ = {isa = PBXBuildFile; fileRef = B270FF862B553472003297AB /* MainView.swift */; };
		B270FF892B553473003297AB /* Assets.xcassets in Resources */ = {isa = PBXBuildFile; fileRef = B270FF882B553473003297AB /* Assets.xcassets */; };
		B270FF8C2B553473003297AB /* Preview Assets.xcassets in Resources */ = {isa = PBXBuildFile; fileRef = B270FF8B2B553473003297AB /* Preview Assets.xcassets */; };
		B270FF972B55357E003297AB /* ForecastRoute.swift in Sources */ = {isa = PBXBuildFile; fileRef = B270FF962B55357E003297AB /* ForecastRoute.swift */; };
		B270FF992B5535E6003297AB /* ForecastRouter.swift in Sources */ = {isa = PBXBuildFile; fileRef = B270FF982B5535E6003297AB /* ForecastRouter.swift */; };
		B270FF9F2B5538D4003297AB /* ProfileView.swift in Sources */ = {isa = PBXBuildFile; fileRef = B270FF9E2B5538D3003297AB /* ProfileView.swift */; };
		B270FFA12B553971003297AB /* ForecastViewModel.swift in Sources */ = {isa = PBXBuildFile; fileRef = B270FFA02B553971003297AB /* ForecastViewModel.swift */; };
		B270FFA32B553A06003297AB /* ComponentsFactory.swift in Sources */ = {isa = PBXBuildFile; fileRef = B270FFA22B553A06003297AB /* ComponentsFactory.swift */; };
		B270FFA62B553C7D003297AB /* CityDto.swift in Sources */ = {isa = PBXBuildFile; fileRef = B270FFA52B553C7D003297AB /* CityDto.swift */; };
		B270FFA82B553CB6003297AB /* TemperatureDto.swift in Sources */ = {isa = PBXBuildFile; fileRef = B270FFA72B553CB6003297AB /* TemperatureDto.swift */; };
		B270FFAA2B553CEE003297AB /* DescriptionDto.swift in Sources */ = {isa = PBXBuildFile; fileRef = B270FFA92B553CEE003297AB /* DescriptionDto.swift */; };
		B270FFAC2B553D54003297AB /* ForecastDto.swift in Sources */ = {isa = PBXBuildFile; fileRef = B270FFAB2B553D54003297AB /* ForecastDto.swift */; };
		B270FFAE2B553E6D003297AB /* WeatherDto.swift in Sources */ = {isa = PBXBuildFile; fileRef = B270FFAD2B553E6D003297AB /* WeatherDto.swift */; };
		B270FFB02B553ED7003297AB /* OpenWeatherProvider.swift in Sources */ = {isa = PBXBuildFile; fileRef = B270FFAF2B553ED7003297AB /* OpenWeatherProvider.swift */; };
		B270FFB22B554420003297AB /* DayForecast.swift in Sources */ = {isa = PBXBuildFile; fileRef = B270FFB12B554420003297AB /* DayForecast.swift */; };
		B270FFB42B5544CD003297AB /* Weather.swift in Sources */ = {isa = PBXBuildFile; fileRef = B270FFB32B5544CD003297AB /* Weather.swift */; };
		B270FFB62B554553003297AB /* ForecastService.swift in Sources */ = {isa = PBXBuildFile; fileRef = B270FFB52B554553003297AB /* ForecastService.swift */; };
		B270FFB92B554686003297AB /* WeatherProvider.swift in Sources */ = {isa = PBXBuildFile; fileRef = B270FFB82B554686003297AB /* WeatherProvider.swift */; };
		B270FFBB2B5547CE003297AB /* FakeWeatherProvider.swift in Sources */ = {isa = PBXBuildFile; fileRef = B270FFBA2B5547CE003297AB /* FakeWeatherProvider.swift */; };
		B270FFBD2B5548DA003297AB /* OpenWeatherProviderAdapter.swift in Sources */ = {isa = PBXBuildFile; fileRef = B270FFBC2B5548DA003297AB /* OpenWeatherProviderAdapter.swift */; };
		B270FFBF2B55495C003297AB /* OpenWeatherProviderMapper.swift in Sources */ = {isa = PBXBuildFile; fileRef = B270FFBE2B55495C003297AB /* OpenWeatherProviderMapper.swift */; };
		B270FFC62B555011003297AB /* Text+ext.swift in Sources */ = {isa = PBXBuildFile; fileRef = B270FFC22B555011003297AB /* Text+ext.swift */; };
		B270FFC82B555011003297AB /* Image+ext.swift in Sources */ = {isa = PBXBuildFile; fileRef = B270FFC42B555011003297AB /* Image+ext.swift */; };
		B270FFCB2B555055003297AB /* DayForecastView.swift in Sources */ = {isa = PBXBuildFile; fileRef = B270FFC92B555055003297AB /* DayForecastView.swift */; };
		B270FFCC2B555055003297AB /* ForecastView.swift in Sources */ = {isa = PBXBuildFile; fileRef = B270FFCA2B555055003297AB /* ForecastView.swift */; };
		B270FFCE2B5550AB003297AB /* DayForecastViewModel.swift in Sources */ = {isa = PBXBuildFile; fileRef = B270FFCD2B5550AB003297AB /* DayForecastViewModel.swift */; };
		B270FFD22B556163003297AB /* DayForecastViewModelMapper.swift in Sources */ = {isa = PBXBuildFile; fileRef = B270FFD12B556163003297AB /* DayForecastViewModelMapper.swift */; };
		B270FFD42B556523003297AB /* ForecastDetailsView.swift in Sources */ = {isa = PBXBuildFile; fileRef = B270FFD32B556523003297AB /* ForecastDetailsView.swift */; };
		B270FFD62B556820003297AB /* ForecastRouterView.swift in Sources */ = {isa = PBXBuildFile; fileRef = B270FFD52B556820003297AB /* ForecastRouterView.swift */; };
		B270FFD82B556E66003297AB /* CoreLocationService.swift in Sources */ = {isa = PBXBuildFile; fileRef = B270FFD72B556E66003297AB /* CoreLocationService.swift */; };
		B270FFDA2B5575F9003297AB /* WeatherProviderLoggerProxy.swift in Sources */ = {isa = PBXBuildFile; fileRef = B270FFD92B5575F9003297AB /* WeatherProviderLoggerProxy.swift */; };
		B270FFDD2B5577B6003297AB /* LocationService.swift in Sources */ = {isa = PBXBuildFile; fileRef = B270FFDC2B5577B6003297AB /* LocationService.swift */; };
		B270FFDF2B55784A003297AB /* FakeLocationService.swift in Sources */ = {isa = PBXBuildFile; fileRef = B270FFDE2B55784A003297AB /* FakeLocationService.swift */; };
		B270FFE12B55798B003297AB /* ForecastComponentsFactory.swift in Sources */ = {isa = PBXBuildFile; fileRef = B270FFE02B55798B003297AB /* ForecastComponentsFactory.swift */; };
/* End PBXBuildFile section */

/* Begin PBXFileReference section */
		B270FF812B553472003297AB /* BestWather.app */ = {isa = PBXFileReference; explicitFileType = wrapper.application; includeInIndex = 0; path = BestWather.app; sourceTree = BUILT_PRODUCTS_DIR; };
		B270FF842B553472003297AB /* BestWatherApp.swift */ = {isa = PBXFileReference; lastKnownFileType = sourcecode.swift; path = BestWatherApp.swift; sourceTree = "<group>"; };
		B270FF862B553472003297AB /* MainView.swift */ = {isa = PBXFileReference; lastKnownFileType = sourcecode.swift; path = MainView.swift; sourceTree = "<group>"; };
		B270FF882B553473003297AB /* Assets.xcassets */ = {isa = PBXFileReference; lastKnownFileType = folder.assetcatalog; path = Assets.xcassets; sourceTree = "<group>"; };
		B270FF8B2B553473003297AB /* Preview Assets.xcassets */ = {isa = PBXFileReference; lastKnownFileType = folder.assetcatalog; path = "Preview Assets.xcassets"; sourceTree = "<group>"; };
		B270FF962B55357E003297AB /* ForecastRoute.swift */ = {isa = PBXFileReference; lastKnownFileType = sourcecode.swift; path = ForecastRoute.swift; sourceTree = "<group>"; };
		B270FF982B5535E6003297AB /* ForecastRouter.swift */ = {isa = PBXFileReference; lastKnownFileType = sourcecode.swift; path = ForecastRouter.swift; sourceTree = "<group>"; };
		B270FF9E2B5538D3003297AB /* ProfileView.swift */ = {isa = PBXFileReference; lastKnownFileType = sourcecode.swift; path = ProfileView.swift; sourceTree = "<group>"; };
		B270FFA02B553971003297AB /* ForecastViewModel.swift */ = {isa = PBXFileReference; lastKnownFileType = sourcecode.swift; path = ForecastViewModel.swift; sourceTree = "<group>"; };
		B270FFA22B553A06003297AB /* ComponentsFactory.swift */ = {isa = PBXFileReference; lastKnownFileType = sourcecode.swift; path = ComponentsFactory.swift; sourceTree = "<group>"; };
		B270FFA52B553C7D003297AB /* CityDto.swift */ = {isa = PBXFileReference; lastKnownFileType = sourcecode.swift; path = CityDto.swift; sourceTree = "<group>"; };
		B270FFA72B553CB6003297AB /* TemperatureDto.swift */ = {isa = PBXFileReference; lastKnownFileType = sourcecode.swift; path = TemperatureDto.swift; sourceTree = "<group>"; };
		B270FFA92B553CEE003297AB /* DescriptionDto.swift */ = {isa = PBXFileReference; lastKnownFileType = sourcecode.swift; path = DescriptionDto.swift; sourceTree = "<group>"; };
		B270FFAB2B553D54003297AB /* ForecastDto.swift */ = {isa = PBXFileReference; lastKnownFileType = sourcecode.swift; path = ForecastDto.swift; sourceTree = "<group>"; };
		B270FFAD2B553E6D003297AB /* WeatherDto.swift */ = {isa = PBXFileReference; lastKnownFileType = sourcecode.swift; path = WeatherDto.swift; sourceTree = "<group>"; };
		B270FFAF2B553ED7003297AB /* OpenWeatherProvider.swift */ = {isa = PBXFileReference; lastKnownFileType = sourcecode.swift; path = OpenWeatherProvider.swift; sourceTree = "<group>"; };
		B270FFB12B554420003297AB /* DayForecast.swift */ = {isa = PBXFileReference; lastKnownFileType = sourcecode.swift; path = DayForecast.swift; sourceTree = "<group>"; };
		B270FFB32B5544CD003297AB /* Weather.swift */ = {isa = PBXFileReference; lastKnownFileType = sourcecode.swift; path = Weather.swift; sourceTree = "<group>"; };
		B270FFB52B554553003297AB /* ForecastService.swift */ = {isa = PBXFileReference; lastKnownFileType = sourcecode.swift; path = ForecastService.swift; sourceTree = "<group>"; };
		B270FFB82B554686003297AB /* WeatherProvider.swift */ = {isa = PBXFileReference; lastKnownFileType = sourcecode.swift; path = WeatherProvider.swift; sourceTree = "<group>"; };
		B270FFBA2B5547CE003297AB /* FakeWeatherProvider.swift */ = {isa = PBXFileReference; lastKnownFileType = sourcecode.swift; path = FakeWeatherProvider.swift; sourceTree = "<group>"; };
		B270FFBC2B5548DA003297AB /* OpenWeatherProviderAdapter.swift */ = {isa = PBXFileReference; lastKnownFileType = sourcecode.swift; path = OpenWeatherProviderAdapter.swift; sourceTree = "<group>"; };
		B270FFBE2B55495C003297AB /* OpenWeatherProviderMapper.swift */ = {isa = PBXFileReference; lastKnownFileType = sourcecode.swift; path = OpenWeatherProviderMapper.swift; sourceTree = "<group>"; };
		B270FFC22B555011003297AB /* Text+ext.swift */ = {isa = PBXFileReference; fileEncoding = 4; lastKnownFileType = sourcecode.swift; path = "Text+ext.swift"; sourceTree = "<group>"; };
		B270FFC42B555011003297AB /* Image+ext.swift */ = {isa = PBXFileReference; fileEncoding = 4; lastKnownFileType = sourcecode.swift; path = "Image+ext.swift"; sourceTree = "<group>"; };
		B270FFC92B555055003297AB /* DayForecastView.swift */ = {isa = PBXFileReference; fileEncoding = 4; lastKnownFileType = sourcecode.swift; path = DayForecastView.swift; sourceTree = "<group>"; };
		B270FFCA2B555055003297AB /* ForecastView.swift */ = {isa = PBXFileReference; fileEncoding = 4; lastKnownFileType = sourcecode.swift; path = ForecastView.swift; sourceTree = "<group>"; };
		B270FFCD2B5550AB003297AB /* DayForecastViewModel.swift */ = {isa = PBXFileReference; fileEncoding = 4; lastKnownFileType = sourcecode.swift; path = DayForecastViewModel.swift; sourceTree = "<group>"; };
		B270FFD12B556163003297AB /* DayForecastViewModelMapper.swift */ = {isa = PBXFileReference; lastKnownFileType = sourcecode.swift; path = DayForecastViewModelMapper.swift; sourceTree = "<group>"; };
		B270FFD32B556523003297AB /* ForecastDetailsView.swift */ = {isa = PBXFileReference; lastKnownFileType = sourcecode.swift; path = ForecastDetailsView.swift; sourceTree = "<group>"; };
		B270FFD52B556820003297AB /* ForecastRouterView.swift */ = {isa = PBXFileReference; lastKnownFileType = sourcecode.swift; path = ForecastRouterView.swift; sourceTree = "<group>"; };
		B270FFD72B556E66003297AB /* CoreLocationService.swift */ = {isa = PBXFileReference; lastKnownFileType = sourcecode.swift; path = CoreLocationService.swift; sourceTree = "<group>"; };
		B270FFD92B5575F9003297AB /* WeatherProviderLoggerProxy.swift */ = {isa = PBXFileReference; lastKnownFileType = sourcecode.swift; path = WeatherProviderLoggerProxy.swift; sourceTree = "<group>"; };
		B270FFDC2B5577B6003297AB /* LocationService.swift */ = {isa = PBXFileReference; lastKnownFileType = sourcecode.swift; path = LocationService.swift; sourceTree = "<group>"; };
		B270FFDE2B55784A003297AB /* FakeLocationService.swift */ = {isa = PBXFileReference; lastKnownFileType = sourcecode.swift; path = FakeLocationService.swift; sourceTree = "<group>"; };
		B270FFE02B55798B003297AB /* ForecastComponentsFactory.swift */ = {isa = PBXFileReference; lastKnownFileType = sourcecode.swift; path = ForecastComponentsFactory.swift; sourceTree = "<group>"; };
/* End PBXFileReference section */

/* Begin PBXFrameworksBuildPhase section */
		B270FF7E2B553472003297AB /* Frameworks */ = {
			isa = PBXFrameworksBuildPhase;
			buildActionMask = 2147483647;
			files = (
			);
			runOnlyForDeploymentPostprocessing = 0;
		};
/* End PBXFrameworksBuildPhase section */

/* Begin PBXGroup section */
		B270FF782B553472003297AB = {
			isa = PBXGroup;
			children = (
				B270FF832B553472003297AB /* BestWather */,
				B270FF822B553472003297AB /* Products */,
			);
			sourceTree = "<group>";
		};
		B270FF822B553472003297AB /* Products */ = {
			isa = PBXGroup;
			children = (
				B270FF812B553472003297AB /* BestWather.app */,
			);
			name = Products;
			sourceTree = "<group>";
		};
		B270FF832B553472003297AB /* BestWather */ = {
			isa = PBXGroup;
			children = (
				B270FFC02B554FF9003297AB /* Common */,
				B270FF9C2B5538B0003297AB /* Profile */,
				B270FF922B5534C9003297AB /* Forecast */,
				B270FF862B553472003297AB /* MainView.swift */,
				B270FFA22B553A06003297AB /* ComponentsFactory.swift */,
				B270FF842B553472003297AB /* BestWatherApp.swift */,
				B270FF882B553473003297AB /* Assets.xcassets */,
				B270FF8A2B553473003297AB /* Preview Content */,
			);
			path = BestWather;
			sourceTree = "<group>";
		};
		B270FF8A2B553473003297AB /* Preview Content */ = {
			isa = PBXGroup;
			children = (
				B270FF8B2B553473003297AB /* Preview Assets.xcassets */,
			);
			path = "Preview Content";
			sourceTree = "<group>";
		};
		B270FF922B5534C9003297AB /* Forecast */ = {
			isa = PBXGroup;
			children = (
				B270FF932B5534F6003297AB /* View */,
				B270FF942B5534FE003297AB /* ViewModel */,
				B270FF952B553505003297AB /* Model */,
				B270FF982B5535E6003297AB /* ForecastRouter.swift */,
				B270FF962B55357E003297AB /* ForecastRoute.swift */,
				B270FFD52B556820003297AB /* ForecastRouterView.swift */,
				B270FFE02B55798B003297AB /* ForecastComponentsFactory.swift */,
			);
			path = Forecast;
			sourceTree = "<group>";
		};
		B270FF932B5534F6003297AB /* View */ = {
			isa = PBXGroup;
			children = (
				B270FFCA2B555055003297AB /* ForecastView.swift */,
				B270FFC92B555055003297AB /* DayForecastView.swift */,
				B270FFD32B556523003297AB /* ForecastDetailsView.swift */,
			);
			path = View;
			sourceTree = "<group>";
		};
		B270FF942B5534FE003297AB /* ViewModel */ = {
			isa = PBXGroup;
			children = (
				B270FFA02B553971003297AB /* ForecastViewModel.swift */,
				B270FFCD2B5550AB003297AB /* DayForecastViewModel.swift */,
				B270FFD12B556163003297AB /* DayForecastViewModelMapper.swift */,
			);
			path = ViewModel;
			sourceTree = "<group>";
		};
		B270FF952B553505003297AB /* Model */ = {
			isa = PBXGroup;
			children = (
				B270FFA42B553C32003297AB /* WeatherProvider */,
				B270FFB52B554553003297AB /* ForecastService.swift */,
				B270FFB82B554686003297AB /* WeatherProvider.swift */,
				B270FFB32B5544CD003297AB /* Weather.swift */,
				B270FFB12B554420003297AB /* DayForecast.swift */,
			);
			path = Model;
			sourceTree = "<group>";
		};
		B270FF9C2B5538B0003297AB /* Profile */ = {
			isa = PBXGroup;
			children = (
				B270FF9D2B5538C4003297AB /* View */,
			);
			path = Profile;
			sourceTree = "<group>";
		};
		B270FF9D2B5538C4003297AB /* View */ = {
			isa = PBXGroup;
			children = (
				B270FF9E2B5538D3003297AB /* ProfileView.swift */,
			);
			path = View;
			sourceTree = "<group>";
		};
		B270FFA42B553C32003297AB /* WeatherProvider */ = {
			isa = PBXGroup;
			children = (
				B270FFB72B554641003297AB /* OpenWeather */,
				B270FFBA2B5547CE003297AB /* FakeWeatherProvider.swift */,
				B270FFD92B5575F9003297AB /* WeatherProviderLoggerProxy.swift */,
			);
			path = WeatherProvider;
			sourceTree = "<group>";
		};
		B270FFB72B554641003297AB /* OpenWeather */ = {
			isa = PBXGroup;
			children = (
				B270FFA52B553C7D003297AB /* CityDto.swift */,
				B270FFA72B553CB6003297AB /* TemperatureDto.swift */,
				B270FFA92B553CEE003297AB /* DescriptionDto.swift */,
				B270FFAB2B553D54003297AB /* ForecastDto.swift */,
				B270FFAD2B553E6D003297AB /* WeatherDto.swift */,
				B270FFAF2B553ED7003297AB /* OpenWeatherProvider.swift */,
				B270FFBC2B5548DA003297AB /* OpenWeatherProviderAdapter.swift */,
				B270FFBE2B55495C003297AB /* OpenWeatherProviderMapper.swift */,
			);
			path = OpenWeather;
			sourceTree = "<group>";
		};
		B270FFC02B554FF9003297AB /* Common */ = {
			isa = PBXGroup;
			children = (
				B270FFDB2B55777D003297AB /* Location */,
				B270FFC42B555011003297AB /* Image+ext.swift */,
				B270FFC22B555011003297AB /* Text+ext.swift */,
			);
			path = Common;
			sourceTree = "<group>";
		};
		B270FFDB2B55777D003297AB /* Location */ = {
			isa = PBXGroup;
			children = (
				B270FFDC2B5577B6003297AB /* LocationService.swift */,
				B270FFD72B556E66003297AB /* CoreLocationService.swift */,
				B270FFDE2B55784A003297AB /* FakeLocationService.swift */,
			);
			path = Location;
			sourceTree = "<group>";
		};
/* End PBXGroup section */

/* Begin PBXNativeTarget section */
		B270FF802B553472003297AB /* BestWather */ = {
			isa = PBXNativeTarget;
			buildConfigurationList = B270FF8F2B553473003297AB /* Build configuration list for PBXNativeTarget "BestWather" */;
			buildPhases = (
				B270FF7D2B553472003297AB /* Sources */,
				B270FF7E2B553472003297AB /* Frameworks */,
				B270FF7F2B553472003297AB /* Resources */,
			);
			buildRules = (
			);
			dependencies = (
			);
			name = BestWather;
			productName = BestWather;
			productReference = B270FF812B553472003297AB /* BestWather.app */;
			productType = "com.apple.product-type.application";
		};
/* End PBXNativeTarget section */

/* Begin PBXProject section */
		B270FF792B553472003297AB /* Project object */ = {
			isa = PBXProject;
			attributes = {
				BuildIndependentTargetsInParallel = 1;
				LastSwiftUpdateCheck = 1520;
				LastUpgradeCheck = 1520;
				TargetAttributes = {
					B270FF802B553472003297AB = {
						CreatedOnToolsVersion = 15.2;
					};
				};
			};
			buildConfigurationList = B270FF7C2B553472003297AB /* Build configuration list for PBXProject "BestWather" */;
			compatibilityVersion = "Xcode 14.0";
			developmentRegion = en;
			hasScannedForEncodings = 0;
			knownRegions = (
				en,
				Base,
			);
			mainGroup = B270FF782B553472003297AB;
			productRefGroup = B270FF822B553472003297AB /* Products */;
			projectDirPath = "";
			projectRoot = "";
			targets = (
				B270FF802B553472003297AB /* BestWather */,
			);
		};
/* End PBXProject section */

/* Begin PBXResourcesBuildPhase section */
		B270FF7F2B553472003297AB /* Resources */ = {
			isa = PBXResourcesBuildPhase;
			buildActionMask = 2147483647;
			files = (
				B270FF8C2B553473003297AB /* Preview Assets.xcassets in Resources */,
				B270FF892B553473003297AB /* Assets.xcassets in Resources */,
			);
			runOnlyForDeploymentPostprocessing = 0;
		};
/* End PBXResourcesBuildPhase section */

/* Begin PBXSourcesBuildPhase section */
		B270FF7D2B553472003297AB /* Sources */ = {
			isa = PBXSourcesBuildPhase;
			buildActionMask = 2147483647;
			files = (
				B270FFC82B555011003297AB /* Image+ext.swift in Sources */,
				B270FFB42B5544CD003297AB /* Weather.swift in Sources */,
				B270FFB02B553ED7003297AB /* OpenWeatherProvider.swift in Sources */,
				B270FFA62B553C7D003297AB /* CityDto.swift in Sources */,
				B270FFDA2B5575F9003297AB /* WeatherProviderLoggerProxy.swift in Sources */,
				B270FFAE2B553E6D003297AB /* WeatherDto.swift in Sources */,
				B270FFBB2B5547CE003297AB /* FakeWeatherProvider.swift in Sources */,
				B270FFD62B556820003297AB /* ForecastRouterView.swift in Sources */,
				B270FFCC2B555055003297AB /* ForecastView.swift in Sources */,
				B270FFD42B556523003297AB /* ForecastDetailsView.swift in Sources */,
				B270FFE12B55798B003297AB /* ForecastComponentsFactory.swift in Sources */,
				B270FFAA2B553CEE003297AB /* DescriptionDto.swift in Sources */,
				B270FFBD2B5548DA003297AB /* OpenWeatherProviderAdapter.swift in Sources */,
				B270FFCB2B555055003297AB /* DayForecastView.swift in Sources */,
				B270FFA32B553A06003297AB /* ComponentsFactory.swift in Sources */,
				B270FFB62B554553003297AB /* ForecastService.swift in Sources */,
				B270FF992B5535E6003297AB /* ForecastRouter.swift in Sources */,
				B270FFC62B555011003297AB /* Text+ext.swift in Sources */,
				B270FFA82B553CB6003297AB /* TemperatureDto.swift in Sources */,
				B270FFB22B554420003297AB /* DayForecast.swift in Sources */,
				B270FFD22B556163003297AB /* DayForecastViewModelMapper.swift in Sources */,
				B270FFAC2B553D54003297AB /* ForecastDto.swift in Sources */,
				B270FFDF2B55784A003297AB /* FakeLocationService.swift in Sources */,
				B270FF972B55357E003297AB /* ForecastRoute.swift in Sources */,
				B270FFB92B554686003297AB /* WeatherProvider.swift in Sources */,
				B270FFA12B553971003297AB /* ForecastViewModel.swift in Sources */,
				B270FF872B553472003297AB /* MainView.swift in Sources */,
				B270FFCE2B5550AB003297AB /* DayForecastViewModel.swift in Sources */,
				B270FFD82B556E66003297AB /* CoreLocationService.swift in Sources */,
				B270FF9F2B5538D4003297AB /* ProfileView.swift in Sources */,
				B270FFBF2B55495C003297AB /* OpenWeatherProviderMapper.swift in Sources */,
				B270FF852B553472003297AB /* BestWatherApp.swift in Sources */,
				B270FFDD2B5577B6003297AB /* LocationService.swift in Sources */,
			);
			runOnlyForDeploymentPostprocessing = 0;
		};
/* End PBXSourcesBuildPhase section */

/* Begin XCBuildConfiguration section */
		B270FF8D2B553473003297AB /* Debug */ = {
			isa = XCBuildConfiguration;
			buildSettings = {
				ALWAYS_SEARCH_USER_PATHS = NO;
				ASSETCATALOG_COMPILER_GENERATE_SWIFT_ASSET_SYMBOL_EXTENSIONS = YES;
				CLANG_ANALYZER_NONNULL = YES;
				CLANG_ANALYZER_NUMBER_OBJECT_CONVERSION = YES_AGGRESSIVE;
				CLANG_CXX_LANGUAGE_STANDARD = "gnu++20";
				CLANG_ENABLE_MODULES = YES;
				CLANG_ENABLE_OBJC_ARC = YES;
				CLANG_ENABLE_OBJC_WEAK = YES;
				CLANG_WARN_BLOCK_CAPTURE_AUTORELEASING = YES;
				CLANG_WARN_BOOL_CONVERSION = YES;
				CLANG_WARN_COMMA = YES;
				CLANG_WARN_CONSTANT_CONVERSION = YES;
				CLANG_WARN_DEPRECATED_OBJC_IMPLEMENTATIONS = YES;
				CLANG_WARN_DIRECT_OBJC_ISA_USAGE = YES_ERROR;
				CLANG_WARN_DOCUMENTATION_COMMENTS = YES;
				CLANG_WARN_EMPTY_BODY = YES;
				CLANG_WARN_ENUM_CONVERSION = YES;
				CLANG_WARN_INFINITE_RECURSION = YES;
				CLANG_WARN_INT_CONVERSION = YES;
				CLANG_WARN_NON_LITERAL_NULL_CONVERSION = YES;
				CLANG_WARN_OBJC_IMPLICIT_RETAIN_SELF = YES;
				CLANG_WARN_OBJC_LITERAL_CONVERSION = YES;
				CLANG_WARN_OBJC_ROOT_CLASS = YES_ERROR;
				CLANG_WARN_QUOTED_INCLUDE_IN_FRAMEWORK_HEADER = YES;
				CLANG_WARN_RANGE_LOOP_ANALYSIS = YES;
				CLANG_WARN_STRICT_PROTOTYPES = YES;
				CLANG_WARN_SUSPICIOUS_MOVE = YES;
				CLANG_WARN_UNGUARDED_AVAILABILITY = YES_AGGRESSIVE;
				CLANG_WARN_UNREACHABLE_CODE = YES;
				CLANG_WARN__DUPLICATE_METHOD_MATCH = YES;
				COPY_PHASE_STRIP = NO;
				DEBUG_INFORMATION_FORMAT = dwarf;
				ENABLE_STRICT_OBJC_MSGSEND = YES;
				ENABLE_TESTABILITY = YES;
				ENABLE_USER_SCRIPT_SANDBOXING = YES;
				GCC_C_LANGUAGE_STANDARD = gnu17;
				GCC_DYNAMIC_NO_PIC = NO;
				GCC_NO_COMMON_BLOCKS = YES;
				GCC_OPTIMIZATION_LEVEL = 0;
				GCC_PREPROCESSOR_DEFINITIONS = (
					"DEBUG=1",
					"$(inherited)",
				);
				GCC_WARN_64_TO_32_BIT_CONVERSION = YES;
				GCC_WARN_ABOUT_RETURN_TYPE = YES_ERROR;
				GCC_WARN_UNDECLARED_SELECTOR = YES;
				GCC_WARN_UNINITIALIZED_AUTOS = YES_AGGRESSIVE;
				GCC_WARN_UNUSED_FUNCTION = YES;
				GCC_WARN_UNUSED_VARIABLE = YES;
				IPHONEOS_DEPLOYMENT_TARGET = 17.2;
				LOCALIZATION_PREFERS_STRING_CATALOGS = YES;
				MTL_ENABLE_DEBUG_INFO = INCLUDE_SOURCE;
				MTL_FAST_MATH = YES;
				ONLY_ACTIVE_ARCH = YES;
				SDKROOT = iphoneos;
				SWIFT_ACTIVE_COMPILATION_CONDITIONS = "DEBUG $(inherited)";
				SWIFT_OPTIMIZATION_LEVEL = "-Onone";
			};
			name = Debug;
		};
		B270FF8E2B553473003297AB /* Release */ = {
			isa = XCBuildConfiguration;
			buildSettings = {
				ALWAYS_SEARCH_USER_PATHS = NO;
				ASSETCATALOG_COMPILER_GENERATE_SWIFT_ASSET_SYMBOL_EXTENSIONS = YES;
				CLANG_ANALYZER_NONNULL = YES;
				CLANG_ANALYZER_NUMBER_OBJECT_CONVERSION = YES_AGGRESSIVE;
				CLANG_CXX_LANGUAGE_STANDARD = "gnu++20";
				CLANG_ENABLE_MODULES = YES;
				CLANG_ENABLE_OBJC_ARC = YES;
				CLANG_ENABLE_OBJC_WEAK = YES;
				CLANG_WARN_BLOCK_CAPTURE_AUTORELEASING = YES;
				CLANG_WARN_BOOL_CONVERSION = YES;
				CLANG_WARN_COMMA = YES;
				CLANG_WARN_CONSTANT_CONVERSION = YES;
				CLANG_WARN_DEPRECATED_OBJC_IMPLEMENTATIONS = YES;
				CLANG_WARN_DIRECT_OBJC_ISA_USAGE = YES_ERROR;
				CLANG_WARN_DOCUMENTATION_COMMENTS = YES;
				CLANG_WARN_EMPTY_BODY = YES;
				CLANG_WARN_ENUM_CONVERSION = YES;
				CLANG_WARN_INFINITE_RECURSION = YES;
				CLANG_WARN_INT_CONVERSION = YES;
				CLANG_WARN_NON_LITERAL_NULL_CONVERSION = YES;
				CLANG_WARN_OBJC_IMPLICIT_RETAIN_SELF = YES;
				CLANG_WARN_OBJC_LITERAL_CONVERSION = YES;
				CLANG_WARN_OBJC_ROOT_CLASS = YES_ERROR;
				CLANG_WARN_QUOTED_INCLUDE_IN_FRAMEWORK_HEADER = YES;
				CLANG_WARN_RANGE_LOOP_ANALYSIS = YES;
				CLANG_WARN_STRICT_PROTOTYPES = YES;
				CLANG_WARN_SUSPICIOUS_MOVE = YES;
				CLANG_WARN_UNGUARDED_AVAILABILITY = YES_AGGRESSIVE;
				CLANG_WARN_UNREACHABLE_CODE = YES;
				CLANG_WARN__DUPLICATE_METHOD_MATCH = YES;
				COPY_PHASE_STRIP = NO;
				DEBUG_INFORMATION_FORMAT = "dwarf-with-dsym";
				ENABLE_NS_ASSERTIONS = NO;
				ENABLE_STRICT_OBJC_MSGSEND = YES;
				ENABLE_USER_SCRIPT_SANDBOXING = YES;
				GCC_C_LANGUAGE_STANDARD = gnu17;
				GCC_NO_COMMON_BLOCKS = YES;
				GCC_WARN_64_TO_32_BIT_CONVERSION = YES;
				GCC_WARN_ABOUT_RETURN_TYPE = YES_ERROR;
				GCC_WARN_UNDECLARED_SELECTOR = YES;
				GCC_WARN_UNINITIALIZED_AUTOS = YES_AGGRESSIVE;
				GCC_WARN_UNUSED_FUNCTION = YES;
				GCC_WARN_UNUSED_VARIABLE = YES;
				IPHONEOS_DEPLOYMENT_TARGET = 17.2;
				LOCALIZATION_PREFERS_STRING_CATALOGS = YES;
				MTL_ENABLE_DEBUG_INFO = NO;
				MTL_FAST_MATH = YES;
				SDKROOT = iphoneos;
				SWIFT_COMPILATION_MODE = wholemodule;
				VALIDATE_PRODUCT = YES;
			};
			name = Release;
		};
		B270FF902B553473003297AB /* Debug */ = {
			isa = XCBuildConfiguration;
			buildSettings = {
				ASSETCATALOG_COMPILER_APPICON_NAME = AppIcon;
				ASSETCATALOG_COMPILER_GLOBAL_ACCENT_COLOR_NAME = AccentColor;
				CODE_SIGN_STYLE = Automatic;
				CURRENT_PROJECT_VERSION = 1;
				DEVELOPMENT_ASSET_PATHS = "\"BestWather/Preview Content\"";
				DEVELOPMENT_TEAM = 34A9J24W7Y;
				ENABLE_PREVIEWS = YES;
				GENERATE_INFOPLIST_FILE = YES;
				INFOPLIST_KEY_NSLocationWhenInUseUsageDescription = "Location is needed to determine the weather for the place you are currently in";
				INFOPLIST_KEY_UIApplicationSceneManifest_Generation = YES;
				INFOPLIST_KEY_UIApplicationSupportsIndirectInputEvents = YES;
				INFOPLIST_KEY_UILaunchScreen_Generation = YES;
				INFOPLIST_KEY_UISupportedInterfaceOrientations_iPad = "UIInterfaceOrientationPortrait UIInterfaceOrientationPortraitUpsideDown UIInterfaceOrientationLandscapeLeft UIInterfaceOrientationLandscapeRight";
				INFOPLIST_KEY_UISupportedInterfaceOrientations_iPhone = "UIInterfaceOrientationPortrait UIInterfaceOrientationLandscapeLeft UIInterfaceOrientationLandscapeRight";
				LD_RUNPATH_SEARCH_PATHS = (
					"$(inherited)",
					"@executable_path/Frameworks",
				);
				MARKETING_VERSION = 1.0;
				PRODUCT_BUNDLE_IDENTIFIER = pl.training.BestWather;
				PRODUCT_NAME = "$(TARGET_NAME)";
				SWIFT_EMIT_LOC_STRINGS = YES;
				SWIFT_VERSION = 5.0;
				TARGETED_DEVICE_FAMILY = "1,2";
			};
			name = Debug;
		};
		B270FF912B553473003297AB /* Release */ = {
			isa = XCBuildConfiguration;
			buildSettings = {
				ASSETCATALOG_COMPILER_APPICON_NAME = AppIcon;
				ASSETCATALOG_COMPILER_GLOBAL_ACCENT_COLOR_NAME = AccentColor;
				CODE_SIGN_STYLE = Automatic;
				CURRENT_PROJECT_VERSION = 1;
				DEVELOPMENT_ASSET_PATHS = "\"BestWather/Preview Content\"";
				DEVELOPMENT_TEAM = 34A9J24W7Y;
				ENABLE_PREVIEWS = YES;
				GENERATE_INFOPLIST_FILE = YES;
				INFOPLIST_KEY_NSLocationWhenInUseUsageDescription = "Location is needed to determine the weather for the place you are currently in";
				INFOPLIST_KEY_UIApplicationSceneManifest_Generation = YES;
				INFOPLIST_KEY_UIApplicationSupportsIndirectInputEvents = YES;
				INFOPLIST_KEY_UILaunchScreen_Generation = YES;
				INFOPLIST_KEY_UISupportedInterfaceOrientations_iPad = "UIInterfaceOrientationPortrait UIInterfaceOrientationPortraitUpsideDown UIInterfaceOrientationLandscapeLeft UIInterfaceOrientationLandscapeRight";
				INFOPLIST_KEY_UISupportedInterfaceOrientations_iPhone = "UIInterfaceOrientationPortrait UIInterfaceOrientationLandscapeLeft UIInterfaceOrientationLandscapeRight";
				LD_RUNPATH_SEARCH_PATHS = (
					"$(inherited)",
					"@executable_path/Frameworks",
				);
				MARKETING_VERSION = 1.0;
				PRODUCT_BUNDLE_IDENTIFIER = pl.training.BestWather;
				PRODUCT_NAME = "$(TARGET_NAME)";
				SWIFT_EMIT_LOC_STRINGS = YES;
				SWIFT_VERSION = 5.0;
				TARGETED_DEVICE_FAMILY = "1,2";
			};
			name = Release;
		};
/* End XCBuildConfiguration section */

/* Begin XCConfigurationList section */
		B270FF7C2B553472003297AB /* Build configuration list for PBXProject "BestWather" */ = {
			isa = XCConfigurationList;
			buildConfigurations = (
				B270FF8D2B553473003297AB /* Debug */,
				B270FF8E2B553473003297AB /* Release */,
			);
			defaultConfigurationIsVisible = 0;
			defaultConfigurationName = Release;
		};
		B270FF8F2B553473003297AB /* Build configuration list for PBXNativeTarget "BestWather" */ = {
			isa = XCConfigurationList;
			buildConfigurations = (
				B270FF902B553473003297AB /* Debug */,
				B270FF912B553473003297AB /* Release */,
			);
			defaultConfigurationIsVisible = 0;
			defaultConfigurationName = Release;
		};
/* End XCConfigurationList section */
	};
	rootObject = B270FF792B553472003297AB /* Project object */;
}
